
Microsoft Visual Studio Solution File, Format Version 10.00
# Visual Studio 2008
Project("{FAE04EC0-301F-11D3-BF4B-00C04F79EFBC}") = "Core", "Core\Core.csproj", "{CC1D6AE8-403F-4000-834E-1E339FFED864}"
EndProject
Global
	GlobalSection(SolutionConfigurationPlatforms) = preSolution
		Debug|Any CPU = Debug|Any CPU
		Release|Any CPU = Release|Any CPU
	EndGlobalSection
	GlobalSection(ProjectConfigurationPlatforms) = postSolution
		{CC1D6AE8-403F-4000-834E-1E339FFED864}.Debug|Any CPU.ActiveCfg = Debug|Any CPU
		{CC1D6AE8-403F-4000-834E-1E339FFED864}.Debug|Any CPU.Build.0 = Debug|Any CPU
		{CC1D6AE8-403F-4000-834E-1E339FFED864}.Release|Any CPU.ActiveCfg = Release|Any CPU
		{CC1D6AE8-403F-4000-834E-1E339FFED864}.Release|Any CPU.Build.0 = Release|Any CPU
	EndGlobalSection
	GlobalSection(SolutionProperties) = preSolution
		HideSolutionNode = FALSE
	EndGlobalSection
EndGlobal
